{
  "object": {
    "pins": [
      {
        "package": "Alamofire",
        "repositoryURL": "https://github.com/Alamofire/Alamofire.git",
        "state": {
          "branch": null,
          "revision": "f82c23a8a7ef8dc1a49a8bfc6a96883e79121864",
          "version": "5.5.0"
        }
      },
      {
        "package": "Kingfisher",
        "repositoryURL": "https://github.com/onevcat/Kingfisher.git",
        "state": {
          "branch": "master",
          "revision": "0c02c46cfdc0656ce74fd0963a75e5000a0b7f23",
          "version": null
        }
      },
      {
        "package": "RxDataSources",
        "repositoryURL": "https://github.com/RxSwiftCommunity/RxDataSources",
        "state": {
          "branch": null,
          "revision": "90c29b48b628479097fe775ed1966d75ac374518",
          "version": "5.0.2"
        }
      },
      {
        "package": "RxKeyboard",
        "repositoryURL": "https://github.com/RxSwiftCommunity/RxKeyboard",
        "state": {
          "branch": null,
          "revision": "085fd99d7bb4f98e671904fcfe7ff561e66574ad",
          "version": "2.0.0"
        }
      },
      {
        "package": "RxSwift",
        "repositoryURL": "https://github.com/ReactiveX/RxSwift",
        "state": {
          "branch": null,
          "revision": "b4307ba0b6425c0ba4178e138799946c3da594f8",
          "version": "6.5.0"
        }
      }
    ]
  },
  "version": 1
}
